
Microsoft Visual Studio Solution File, Format Version 12.00
# Visual Studio Version 17
VisualStudioVersion = 17.2.32516.85
MinimumVisualStudioVersion = 10.0.40219.1
Project("{FAE04EC0-301F-11D3-BF4B-00C04F79EFBC}") = "MVClab3", "MVClab3.csproj", "{5D0B03C1-A476-45C5-B01A-CF1A556B109F}"
EndProject
Global
	GlobalSection(SolutionConfigurationPlatforms) = preSolution
		Debug|Any CPU = Debug|Any CPU
		Release|Any CPU = Release|Any CPU
	EndGlobalSection
	GlobalSection(ProjectConfigurationPlatforms) = postSolution
		{5D0B03C1-A476-45C5-B01A-CF1A556B109F}.Debug|Any CPU.ActiveCfg = Debug|Any CPU
		{5D0B03C1-A476-45C5-B01A-CF1A556B109F}.Debug|Any CPU.Build.0 = Debug|Any CPU
		{5D0B03C1-A476-45C5-B01A-CF1A556B109F}.Release|Any CPU.ActiveCfg = Release|Any CPU
		{5D0B03C1-A476-45C5-B01A-CF1A556B109F}.Release|Any CPU.Build.0 = Release|Any CPU
	EndGlobalSection
	GlobalSection(SolutionProperties) = preSolution
		HideSolutionNode = FALSE
	EndGlobalSection
	GlobalSection(ExtensibilityGlobals) = postSolution
		SolutionGuid = {96494CC7-3220-41A8-BB88-49CE6BF01C5F}
	EndGlobalSection
EndGlobal
